{
  "name": "models",
  "lockfileVersion": 3,
  "requires": true,
  "packages": {
    "": {
      "dependencies": {
        "chrono": "^1.0.5"
      }
    },
    "node_modules/chrono": {
      "version": "1.0.5",
      "resolved": "https://registry.npmjs.org/chrono/-/chrono-1.0.5.tgz",
      "integrity": "sha512-gjmpLxZa8iRaQXpV/sEV3ZkDuvwg0FqM1YrhaxdybN/DQJyfs1fG6UkJXkkOKLk/Hb712hsVV5EGR8f8A5sBdA=="
    }
  }
}
